dependencies:
  espressif/led_strip:
    component_hash: 67d2744208e9c12d8b1992d21c979396c1726e57cb7e35e7c171c515be20f8ea
    source:
      service_url: https://api.components.espressif.com/
      type: service
    version: 2.5.3
  idf:
    component_hash: null
    source:
      type: idf
    version: 5.2.1
  joltwallet/littlefs:
    component_hash: 7e9b6a652f846df473870263f7ecc0decdf54e6a04189af0c6a78df9d20bda0c
    source:
      service_url: https://api.components.espressif.com/
      type: service
    version: 1.14.4
manifest_hash: 95f6fc8e562ae04e4e419c2fdfb430e27701fdb5cd694a7378263dacbd5487ff
target: esp32s3
version: 1.0.0
